
Microsoft Visual Studio Solution File, Format Version 12.00
# Visual Studio Version 16
VisualStudioVersion = 16.0.31112.23
MinimumVisualStudioVersion = 10.0.40219.1
Project("{9A19103F-16F7-4668-BE54-9A1E7A4F7556}") = "MetaGames", "BlazorCliente\Server\MetaGames.csproj", "{93D28C96-29A5-4FB1-BBD7-9661ADE431CB}"
EndProject
Project("{9A19103F-16F7-4668-BE54-9A1E7A4F7556}") = "BlazorCliente.Client", "BlazorCliente\Client\BlazorCliente.Client.csproj", "{5DBB4459-2B38-4A26-AD8E-A7D556ED15AB}"
EndProject
Project("{9A19103F-16F7-4668-BE54-9A1E7A4F7556}") = "BlazorCliente.Shared", "BlazorCliente\Shared\BlazorCliente.Shared.csproj", "{A06504D8-0285-43E7-B3AA-04C44614B45A}"
EndProject
Global
	GlobalSection(SolutionConfigurationPlatforms) = preSolution
		Debug|Any CPU = Debug|Any CPU
		Release|Any CPU = Release|Any CPU
	EndGlobalSection
	GlobalSection(ProjectConfigurationPlatforms) = postSolution
		{93D28C96-29A5-4FB1-BBD7-9661ADE431CB}.Debug|Any CPU.ActiveCfg = Debug|Any CPU
		{93D28C96-29A5-4FB1-BBD7-9661ADE431CB}.Debug|Any CPU.Build.0 = Debug|Any CPU
		{93D28C96-29A5-4FB1-BBD7-9661ADE431CB}.Release|Any CPU.ActiveCfg = Release|Any CPU
		{93D28C96-29A5-4FB1-BBD7-9661ADE431CB}.Release|Any CPU.Build.0 = Release|Any CPU
		{5DBB4459-2B38-4A26-AD8E-A7D556ED15AB}.Debug|Any CPU.ActiveCfg = Debug|Any CPU
		{5DBB4459-2B38-4A26-AD8E-A7D556ED15AB}.Debug|Any CPU.Build.0 = Debug|Any CPU
		{5DBB4459-2B38-4A26-AD8E-A7D556ED15AB}.Release|Any CPU.ActiveCfg = Release|Any CPU
		{5DBB4459-2B38-4A26-AD8E-A7D556ED15AB}.Release|Any CPU.Build.0 = Release|Any CPU
		{A06504D8-0285-43E7-B3AA-04C44614B45A}.Debug|Any CPU.ActiveCfg = Debug|Any CPU
		{A06504D8-0285-43E7-B3AA-04C44614B45A}.Debug|Any CPU.Build.0 = Debug|Any CPU
		{A06504D8-0285-43E7-B3AA-04C44614B45A}.Release|Any CPU.ActiveCfg = Release|Any CPU
		{A06504D8-0285-43E7-B3AA-04C44614B45A}.Release|Any CPU.Build.0 = Release|Any CPU
	EndGlobalSection
	GlobalSection(SolutionProperties) = preSolution
		HideSolutionNode = FALSE
	EndGlobalSection
	GlobalSection(ExtensibilityGlobals) = postSolution
		SolutionGuid = {976474BA-52FF-4515-889B-2E6A485E149C}
	EndGlobalSection
EndGlobal
